
Microsoft Visual Studio Solution File, Format Version 12.00
# Visual Studio Version 17
VisualStudioVersion = 17.5.33414.496
MinimumVisualStudioVersion = 10.0.40219.1
Project("{FAE04EC0-301F-11D3-BF4B-00C04F79EFBC}") = "ChatService", "ChatService\ChatService.csproj", "{387DDEBA-9363-4248-B879-2D6487BE069A}"
EndProject
Global
	GlobalSection(SolutionConfigurationPlatforms) = preSolution
		Debug|Any CPU = Debug|Any CPU
		Release|Any CPU = Release|Any CPU
	EndGlobalSection
	GlobalSection(ProjectConfigurationPlatforms) = postSolution
		{387DDEBA-9363-4248-B879-2D6487BE069A}.Debug|Any CPU.ActiveCfg = Debug|Any CPU
		{387DDEBA-9363-4248-B879-2D6487BE069A}.Debug|Any CPU.Build.0 = Debug|Any CPU
		{387DDEBA-9363-4248-B879-2D6487BE069A}.Release|Any CPU.ActiveCfg = Release|Any CPU
		{387DDEBA-9363-4248-B879-2D6487BE069A}.Release|Any CPU.Build.0 = Release|Any CPU
	EndGlobalSection
	GlobalSection(SolutionProperties) = preSolution
		HideSolutionNode = FALSE
	EndGlobalSection
	GlobalSection(ExtensibilityGlobals) = postSolution
		SolutionGuid = {08D19112-B861-4DFB-9613-B08787BCEDE1}
	EndGlobalSection
EndGlobal
